<Solution>
  <Project Path="01 Boktiteln (Deklarera en klass &amp; fält)/01 Boktiteln (Deklarera en klass &amp; fält).csproj" />
  <Project Path="02 Egenskaper (Properties) med Auto-implementering/02 Egenskaper (Properties) med Auto-implementering.csproj" Id="ccb83891-f5f8-4890-828e-92d96f325246" />
  <Project Path="03 Standardkonstruktor (Constructor)/03 Standardkonstruktor (Constructor).csproj" Id="a8b91686-3bc5-4b54-9e02-fa7e71cd346e" />
</Solution>
