<Solution>
  <Folder Name="/Solution Items/">
    <File Path="README.md" />
  </Folder>
  <Project Path="01 Boktiteln (Deklarera en klass &amp; fält)/01 Boktiteln (Deklarera en klass &amp; fält).csproj" />
  <Project Path="02 Egenskaper (Properties) med Auto-implementering/02 Egenskaper (Properties) med Auto-implementering.csproj" Id="ccb83891-f5f8-4890-828e-92d96f325246" />
  <Project Path="03 Standardkonstruktor (Constructor)/03 Standardkonstruktor (Constructor).csproj" Id="a8b91686-3bc5-4b54-9e02-fa7e71cd346e" />
  <Project Path="04 Enkel Instansmetod/04 Enkel Instansmetod.csproj" Id="b4bac4fc-b204-44a0-afd0-fda1a187a4e0" />
  <Project Path="05 Flera objekt i en lista/05 Flera objekt i en lista.csproj" Id="04501acf-b89f-4d94-b2c3-53fd592df3af" />
  <Project Path="06 Inkapsling med privat fält och validering/06 Inkapsling med privat fält och validering.csproj" Id="10519d6a-4d8f-4020-8f1f-cfff3189ba74" />
  <Project Path="07 Statisk vs Instansmetod (Verktygsklass)/07 Statisk vs Instansmetod (Verktygsklass).csproj" Id="c7d867d6-8e1b-4a01-ba28-7fa0469f50ea" />
  <Project Path="08 Statiskt fält som Räknare (Objektsräknare)/08 Statiskt fält som Räknare (Objektsräknare).csproj" Id="aa1645d0-abdb-4e48-b16a-eea757af6aec" />
  <Project Path="09 Metodöverlagring (Constructor Overloading)/09 Metodöverlagring (Constructor Overloading).csproj" Id="75557b3e-170a-476e-b61b-b677557cad13" />
  <Project Path="10 Objektinteraktion (Skicka objekt som argument)/10 Objektinteraktion (Skicka objekt som argument).csproj" Id="5523f481-ef07-41bd-a939-efb63617e8f3" />
  <Project Path="11 Eget Enkelt Menysystem med Objekt (Logg- och Hanteringssystem)/11 Eget Enkelt Menysystem med Objekt (Logg- och Hanteringssystem).csproj" Id="0a21ddbd-b084-497e-8fe8-6451bdc7c002" />
  <Project Path="12 Beroendestruktur (Klass inuti Klass)/12 Beroendestruktur (Klass inuti Klass).csproj" Id="f85fe010-a35d-4dd9-a42a-8aa6cdd7c523" />
  <Project Path="13 Bankomat med Inkapslad Logik/13 Bankomat med Inkapslad Logik.csproj" Id="01081729-d1f5-4bed-ae98-652082de19ae" />
  <Project Path="14 Kommandotolk för ett RPG-Inventory/14 Kommandotolk för ett RPG-Inventory.csproj" Id="ddd4a971-b403-4ef3-b640-0ee76c8789d5" />
  <Project Path="15 Statisk Fabriksmetod (Factory Pattern Light)/15 Statisk Fabriksmetod (Factory Pattern Light).csproj" Id="82dfa7a8-d696-43be-a0f8-08bb4d65f454" />
</Solution>
